
Microsoft Visual Studio Solution File, Format Version 12.00
# Visual Studio Version 17
VisualStudioVersion = 17.6.33801.468
MinimumVisualStudioVersion = 10.0.40219.1
Project("{FAE04EC0-301F-11D3-BF4B-00C04F79EFBC}") = "Phil-Lending-Library", "Phil-Lending-Library\Phil-Lending-Library.csproj", "{794DF333-2B7C-415E-A5B1-AB3FCEB897F1}"
EndProject
Global
	GlobalSection(SolutionConfigurationPlatforms) = preSolution
		Debug|Any CPU = Debug|Any CPU
		Release|Any CPU = Release|Any CPU
	EndGlobalSection
	GlobalSection(ProjectConfigurationPlatforms) = postSolution
		{794DF333-2B7C-415E-A5B1-AB3FCEB897F1}.Debug|Any CPU.ActiveCfg = Debug|Any CPU
		{794DF333-2B7C-415E-A5B1-AB3FCEB897F1}.Debug|Any CPU.Build.0 = Debug|Any CPU
		{794DF333-2B7C-415E-A5B1-AB3FCEB897F1}.Release|Any CPU.ActiveCfg = Release|Any CPU
		{794DF333-2B7C-415E-A5B1-AB3FCEB897F1}.Release|Any CPU.Build.0 = Release|Any CPU
	EndGlobalSection
	GlobalSection(SolutionProperties) = preSolution
		HideSolutionNode = FALSE
	EndGlobalSection
	GlobalSection(ExtensibilityGlobals) = postSolution
		SolutionGuid = {8E769344-8622-460D-BAD3-CD927432A321}
	EndGlobalSection
EndGlobal
